# THIS IS AN AUTOGENERATED FILE. DO NOT EDIT THIS FILE DIRECTLY.
# yarn lockfile v1


ng-http-loader@^9.1.0:
  version "9.1.0"
  resolved "https://registry.yarnpkg.com/ng-http-loader/-/ng-http-loader-9.1.0.tgz#70c4da726e0a6d81760e251bcb07a20c4c1fcfab"
  integrity sha512-7ayp47v+Nj0u7iI2zG67vCv20Rjl1dTr/krO8WGGx1U5a4pI/yKcYaG7PDU6yUa/9OxPSrBMBipeApT2JNq2tA==
  dependencies:
    tslib "^2.0.0"

tslib@^2.0.0:
  version "2.1.0"
  resolved "https://registry.yarnpkg.com/tslib/-/tslib-2.1.0.tgz#da60860f1c2ecaa5703ab7d39bc05b6bf988b97a"
  integrity sha512-hcVC3wYEziELGGmEEXue7D75zbwIIVUMWAVbHItGPx0ziyXxrOMQx4rQEVEV45Ut/1IotuEvwqPopzIOkDMf0A==
